
Microsoft Visual Studio Solution File, Format Version 12.00
# Visual Studio Version 16
VisualStudioVersion = 16.0.810.19
MinimumVisualStudioVersion = 10.0.40219.1
Project("{FAE04EC0-301F-11D3-BF4B-00C04F79EFBC}") = "ImageProcessor", "ImageProcessor.csproj", "{99770087-2EED-44A0-8BC3-B3CDB8D22ECA}"
EndProject
Global
	GlobalSection(SolutionConfigurationPlatforms) = preSolution
		Debug|Any CPU = Debug|Any CPU
		Release|Any CPU = Release|Any CPU
	EndGlobalSection
	GlobalSection(ProjectConfigurationPlatforms) = postSolution
		{99770087-2EED-44A0-8BC3-B3CDB8D22ECA}.Debug|Any CPU.ActiveCfg = Debug|Any CPU
		{99770087-2EED-44A0-8BC3-B3CDB8D22ECA}.Debug|Any CPU.Build.0 = Debug|Any CPU
		{99770087-2EED-44A0-8BC3-B3CDB8D22ECA}.Release|Any CPU.ActiveCfg = Release|Any CPU
		{99770087-2EED-44A0-8BC3-B3CDB8D22ECA}.Release|Any CPU.Build.0 = Release|Any CPU
	EndGlobalSection
	GlobalSection(SolutionProperties) = preSolution
		HideSolutionNode = FALSE
	EndGlobalSection
	GlobalSection(ExtensibilityGlobals) = postSolution
		SolutionGuid = {13DA186E-CC52-48BB-8DA2-89DF24CACDE2}
	EndGlobalSection
EndGlobal
